
Microsoft Visual Studio Solution File, Format Version 12.00
# Visual Studio Version 17
VisualStudioVersion = 17.0.31903.59
MinimumVisualStudioVersion = 10.0.40219.1
Project("{2150E333-8FDC-42A3-9474-1A3956D46DE8}") = "backend", "backend", "{1AE8ACA6-933B-BF2A-3671-3E2EAC007D16}"
EndProject
Project("{FAE04EC0-301F-11D3-BF4B-00C04F79EFBC}") = "ReqSimulator.API", "backend\ReqSimulator.API\ReqSimulator.API.csproj", "{42071E8B-3C59-4E0F-92A6-EB1756465CFD}"
EndProject
Project("{FAE04EC0-301F-11D3-BF4B-00C04F79EFBC}") = "ReqSimulator.API.UnitTests", "backend\ReqSimulator.API.UnitTests\ReqSimulator.API.UnitTests.csproj", "{6D438AB1-5396-4760-AC53-7B9568E45529}"
EndProject
Project("{FAE04EC0-301F-11D3-BF4B-00C04F79EFBC}") = "ReqSimulator.API.IntegrationTests", "backend\ReqSimulator.API.IntegrationTests\ReqSimulator.API.IntegrationTests.csproj", "{718018FF-5122-4314-9364-1F79A24088FE}"
EndProject
Global
	GlobalSection(SolutionConfigurationPlatforms) = preSolution
		Debug|Any CPU = Debug|Any CPU
		Debug|x64 = Debug|x64
		Debug|x86 = Debug|x86
		Release|Any CPU = Release|Any CPU
		Release|x64 = Release|x64
		Release|x86 = Release|x86
	EndGlobalSection
	GlobalSection(ProjectConfigurationPlatforms) = postSolution
		{42071E8B-3C59-4E0F-92A6-EB1756465CFD}.Debug|Any CPU.ActiveCfg = Debug|Any CPU
		{42071E8B-3C59-4E0F-92A6-EB1756465CFD}.Debug|Any CPU.Build.0 = Debug|Any CPU
		{42071E8B-3C59-4E0F-92A6-EB1756465CFD}.Debug|x64.ActiveCfg = Debug|Any CPU
		{42071E8B-3C59-4E0F-92A6-EB1756465CFD}.Debug|x64.Build.0 = Debug|Any CPU
		{42071E8B-3C59-4E0F-92A6-EB1756465CFD}.Debug|x86.ActiveCfg = Debug|Any CPU
		{42071E8B-3C59-4E0F-92A6-EB1756465CFD}.Debug|x86.Build.0 = Debug|Any CPU
		{42071E8B-3C59-4E0F-92A6-EB1756465CFD}.Release|Any CPU.ActiveCfg = Release|Any CPU
		{42071E8B-3C59-4E0F-92A6-EB1756465CFD}.Release|Any CPU.Build.0 = Release|Any CPU
		{42071E8B-3C59-4E0F-92A6-EB1756465CFD}.Release|x64.ActiveCfg = Release|Any CPU
		{42071E8B-3C59-4E0F-92A6-EB1756465CFD}.Release|x64.Build.0 = Release|Any CPU
		{42071E8B-3C59-4E0F-92A6-EB1756465CFD}.Release|x86.ActiveCfg = Release|Any CPU
		{42071E8B-3C59-4E0F-92A6-EB1756465CFD}.Release|x86.Build.0 = Release|Any CPU
		{6D438AB1-5396-4760-AC53-7B9568E45529}.Debug|Any CPU.ActiveCfg = Debug|Any CPU
		{6D438AB1-5396-4760-AC53-7B9568E45529}.Debug|Any CPU.Build.0 = Debug|Any CPU
		{6D438AB1-5396-4760-AC53-7B9568E45529}.Debug|x64.ActiveCfg = Debug|Any CPU
		{6D438AB1-5396-4760-AC53-7B9568E45529}.Debug|x64.Build.0 = Debug|Any CPU
		{6D438AB1-5396-4760-AC53-7B9568E45529}.Debug|x86.ActiveCfg = Debug|Any CPU
		{6D438AB1-5396-4760-AC53-7B9568E45529}.Debug|x86.Build.0 = Debug|Any CPU
		{6D438AB1-5396-4760-AC53-7B9568E45529}.Release|Any CPU.ActiveCfg = Release|Any CPU
		{6D438AB1-5396-4760-AC53-7B9568E45529}.Release|Any CPU.Build.0 = Release|Any CPU
		{6D438AB1-5396-4760-AC53-7B9568E45529}.Release|x64.ActiveCfg = Release|Any CPU
		{6D438AB1-5396-4760-AC53-7B9568E45529}.Release|x64.Build.0 = Release|Any CPU
		{6D438AB1-5396-4760-AC53-7B9568E45529}.Release|x86.ActiveCfg = Release|Any CPU
		{6D438AB1-5396-4760-AC53-7B9568E45529}.Release|x86.Build.0 = Release|Any CPU
		{718018FF-5122-4314-9364-1F79A24088FE}.Debug|Any CPU.ActiveCfg = Debug|Any CPU
		{718018FF-5122-4314-9364-1F79A24088FE}.Debug|Any CPU.Build.0 = Debug|Any CPU
		{718018FF-5122-4314-9364-1F79A24088FE}.Debug|x64.ActiveCfg = Debug|Any CPU
		{718018FF-5122-4314-9364-1F79A24088FE}.Debug|x64.Build.0 = Debug|Any CPU
		{718018FF-5122-4314-9364-1F79A24088FE}.Debug|x86.ActiveCfg = Debug|Any CPU
		{718018FF-5122-4314-9364-1F79A24088FE}.Debug|x86.Build.0 = Debug|Any CPU
		{718018FF-5122-4314-9364-1F79A24088FE}.Release|Any CPU.ActiveCfg = Release|Any CPU
		{718018FF-5122-4314-9364-1F79A24088FE}.Release|Any CPU.Build.0 = Release|Any CPU
		{718018FF-5122-4314-9364-1F79A24088FE}.Release|x64.ActiveCfg = Release|Any CPU
		{718018FF-5122-4314-9364-1F79A24088FE}.Release|x64.Build.0 = Release|Any CPU
		{718018FF-5122-4314-9364-1F79A24088FE}.Release|x86.ActiveCfg = Release|Any CPU
		{718018FF-5122-4314-9364-1F79A24088FE}.Release|x86.Build.0 = Release|Any CPU
	EndGlobalSection
	GlobalSection(SolutionProperties) = preSolution
		HideSolutionNode = FALSE
	EndGlobalSection
	GlobalSection(NestedProjects) = preSolution
		{42071E8B-3C59-4E0F-92A6-EB1756465CFD} = {1AE8ACA6-933B-BF2A-3671-3E2EAC007D16}
		{6D438AB1-5396-4760-AC53-7B9568E45529} = {1AE8ACA6-933B-BF2A-3671-3E2EAC007D16}
		{718018FF-5122-4314-9364-1F79A24088FE} = {1AE8ACA6-933B-BF2A-3671-3E2EAC007D16}
	EndGlobalSection
EndGlobal
